
Microsoft Visual Studio Solution File, Format Version 12.00
# Visual Studio Version 16
VisualStudioVersion = 16.0.30804.86
MinimumVisualStudioVersion = 10.0.40219.1
Project("{FAE04EC0-301F-11D3-BF4B-00C04F79EFBC}") = "WeatherApp.Android", "WeatherApp\WeatherApp.Android\WeatherApp.Android.csproj", "{CED24E88-32BE-4E9A-B46C-83C14093AC0F}"
EndProject
Project("{FAE04EC0-301F-11D3-BF4B-00C04F79EFBC}") = "WeatherApp.iOS", "WeatherApp\WeatherApp.iOS\WeatherApp.iOS.csproj", "{BC8430CB-1F5A-4D8B-ADA6-FD344C68FB42}"
EndProject
Project("{FAE04EC0-301F-11D3-BF4B-00C04F79EFBC}") = "WeatherApp", "WeatherApp\WeatherApp\WeatherApp.csproj", "{138D48BE-DF55-4A9A-8AD5-C24C9C8CDF53}"
EndProject
Global
	GlobalSection(SolutionConfigurationPlatforms) = preSolution
		Debug|Any CPU = Debug|Any CPU
		Debug|iPhone = Debug|iPhone
		Debug|iPhoneSimulator = Debug|iPhoneSimulator
		Release|Any CPU = Release|Any CPU
		Release|iPhone = Release|iPhone
		Release|iPhoneSimulator = Release|iPhoneSimulator
	EndGlobalSection
	GlobalSection(ProjectConfigurationPlatforms) = postSolution
		{CED24E88-32BE-4E9A-B46C-83C14093AC0F}.Debug|Any CPU.ActiveCfg = Debug|Any CPU
		{CED24E88-32BE-4E9A-B46C-83C14093AC0F}.Debug|Any CPU.Build.0 = Debug|Any CPU
		{CED24E88-32BE-4E9A-B46C-83C14093AC0F}.Debug|Any CPU.Deploy.0 = Debug|Any CPU
		{CED24E88-32BE-4E9A-B46C-83C14093AC0F}.Debug|iPhone.ActiveCfg = Debug|Any CPU
		{CED24E88-32BE-4E9A-B46C-83C14093AC0F}.Debug|iPhone.Build.0 = Debug|Any CPU
		{CED24E88-32BE-4E9A-B46C-83C14093AC0F}.Debug|iPhone.Deploy.0 = Debug|Any CPU
		{CED24E88-32BE-4E9A-B46C-83C14093AC0F}.Debug|iPhoneSimulator.ActiveCfg = Debug|Any CPU
		{CED24E88-32BE-4E9A-B46C-83C14093AC0F}.Debug|iPhoneSimulator.Build.0 = Debug|Any CPU
		{CED24E88-32BE-4E9A-B46C-83C14093AC0F}.Debug|iPhoneSimulator.Deploy.0 = Debug|Any CPU
		{CED24E88-32BE-4E9A-B46C-83C14093AC0F}.Release|Any CPU.ActiveCfg = Release|Any CPU
		{CED24E88-32BE-4E9A-B46C-83C14093AC0F}.Release|Any CPU.Build.0 = Release|Any CPU
		{CED24E88-32BE-4E9A-B46C-83C14093AC0F}.Release|Any CPU.Deploy.0 = Release|Any CPU
		{CED24E88-32BE-4E9A-B46C-83C14093AC0F}.Release|iPhone.ActiveCfg = Release|Any CPU
		{CED24E88-32BE-4E9A-B46C-83C14093AC0F}.Release|iPhone.Build.0 = Release|Any CPU
		{CED24E88-32BE-4E9A-B46C-83C14093AC0F}.Release|iPhone.Deploy.0 = Release|Any CPU
		{CED24E88-32BE-4E9A-B46C-83C14093AC0F}.Release|iPhoneSimulator.ActiveCfg = Release|Any CPU
		{CED24E88-32BE-4E9A-B46C-83C14093AC0F}.Release|iPhoneSimulator.Build.0 = Release|Any CPU
		{CED24E88-32BE-4E9A-B46C-83C14093AC0F}.Release|iPhoneSimulator.Deploy.0 = Release|Any CPU
		{BC8430CB-1F5A-4D8B-ADA6-FD344C68FB42}.Debug|Any CPU.ActiveCfg = Debug|iPhone
		{BC8430CB-1F5A-4D8B-ADA6-FD344C68FB42}.Debug|Any CPU.Build.0 = Debug|iPhone
		{BC8430CB-1F5A-4D8B-ADA6-FD344C68FB42}.Debug|Any CPU.Deploy.0 = Debug|iPhone
		{BC8430CB-1F5A-4D8B-ADA6-FD344C68FB42}.Debug|iPhone.ActiveCfg = Debug|iPhone
		{BC8430CB-1F5A-4D8B-ADA6-FD344C68FB42}.Debug|iPhone.Build.0 = Debug|iPhone
		{BC8430CB-1F5A-4D8B-ADA6-FD344C68FB42}.Debug|iPhone.Deploy.0 = Debug|iPhone
		{BC8430CB-1F5A-4D8B-ADA6-FD344C68FB42}.Debug|iPhoneSimulator.ActiveCfg = Debug|iPhoneSimulator
		{BC8430CB-1F5A-4D8B-ADA6-FD344C68FB42}.Debug|iPhoneSimulator.Build.0 = Debug|iPhoneSimulator
		{BC8430CB-1F5A-4D8B-ADA6-FD344C68FB42}.Debug|iPhoneSimulator.Deploy.0 = Debug|iPhoneSimulator
		{BC8430CB-1F5A-4D8B-ADA6-FD344C68FB42}.Release|Any CPU.ActiveCfg = Release|iPhoneSimulator
		{BC8430CB-1F5A-4D8B-ADA6-FD344C68FB42}.Release|Any CPU.Build.0 = Release|iPhoneSimulator
		{BC8430CB-1F5A-4D8B-ADA6-FD344C68FB42}.Release|Any CPU.Deploy.0 = Release|iPhoneSimulator
		{BC8430CB-1F5A-4D8B-ADA6-FD344C68FB42}.Release|iPhone.ActiveCfg = Release|iPhone
		{BC8430CB-1F5A-4D8B-ADA6-FD344C68FB42}.Release|iPhone.Build.0 = Release|iPhone
		{BC8430CB-1F5A-4D8B-ADA6-FD344C68FB42}.Release|iPhone.Deploy.0 = Release|iPhone
		{BC8430CB-1F5A-4D8B-ADA6-FD344C68FB42}.Release|iPhoneSimulator.ActiveCfg = Release|iPhoneSimulator
		{BC8430CB-1F5A-4D8B-ADA6-FD344C68FB42}.Release|iPhoneSimulator.Build.0 = Release|iPhoneSimulator
		{BC8430CB-1F5A-4D8B-ADA6-FD344C68FB42}.Release|iPhoneSimulator.Deploy.0 = Release|iPhoneSimulator
		{138D48BE-DF55-4A9A-8AD5-C24C9C8CDF53}.Debug|Any CPU.ActiveCfg = Debug|Any CPU
		{138D48BE-DF55-4A9A-8AD5-C24C9C8CDF53}.Debug|Any CPU.Build.0 = Debug|Any CPU
		{138D48BE-DF55-4A9A-8AD5-C24C9C8CDF53}.Debug|Any CPU.Deploy.0 = Debug|Any CPU
		{138D48BE-DF55-4A9A-8AD5-C24C9C8CDF53}.Debug|iPhone.ActiveCfg = Debug|Any CPU
		{138D48BE-DF55-4A9A-8AD5-C24C9C8CDF53}.Debug|iPhone.Build.0 = Debug|Any CPU
		{138D48BE-DF55-4A9A-8AD5-C24C9C8CDF53}.Debug|iPhone.Deploy.0 = Debug|Any CPU
		{138D48BE-DF55-4A9A-8AD5-C24C9C8CDF53}.Debug|iPhoneSimulator.ActiveCfg = Debug|Any CPU
		{138D48BE-DF55-4A9A-8AD5-C24C9C8CDF53}.Debug|iPhoneSimulator.Build.0 = Debug|Any CPU
		{138D48BE-DF55-4A9A-8AD5-C24C9C8CDF53}.Debug|iPhoneSimulator.Deploy.0 = Debug|Any CPU
		{138D48BE-DF55-4A9A-8AD5-C24C9C8CDF53}.Release|Any CPU.ActiveCfg = Release|Any CPU
		{138D48BE-DF55-4A9A-8AD5-C24C9C8CDF53}.Release|Any CPU.Build.0 = Release|Any CPU
		{138D48BE-DF55-4A9A-8AD5-C24C9C8CDF53}.Release|Any CPU.Deploy.0 = Release|Any CPU
		{138D48BE-DF55-4A9A-8AD5-C24C9C8CDF53}.Release|iPhone.ActiveCfg = Release|Any CPU
		{138D48BE-DF55-4A9A-8AD5-C24C9C8CDF53}.Release|iPhone.Build.0 = Release|Any CPU
		{138D48BE-DF55-4A9A-8AD5-C24C9C8CDF53}.Release|iPhone.Deploy.0 = Release|Any CPU
		{138D48BE-DF55-4A9A-8AD5-C24C9C8CDF53}.Release|iPhoneSimulator.ActiveCfg = Release|Any CPU
		{138D48BE-DF55-4A9A-8AD5-C24C9C8CDF53}.Release|iPhoneSimulator.Build.0 = Release|Any CPU
		{138D48BE-DF55-4A9A-8AD5-C24C9C8CDF53}.Release|iPhoneSimulator.Deploy.0 = Release|Any CPU
	EndGlobalSection
	GlobalSection(SolutionProperties) = preSolution
		HideSolutionNode = FALSE
	EndGlobalSection
	GlobalSection(ExtensibilityGlobals) = postSolution
		SolutionGuid = {87895B89-8B16-4692-BA53-D0C19F778DED}
	EndGlobalSection
EndGlobal
